// !$*UTF8*$!
{
	archiveVersion = 1;
	classes = {
	};
	objectVersion = 48;
	objects = {

/* Begin PBXBuildFile section */
		1A420387219188C800CCA4CB /* AppDelegate.m in Sources */ = {isa = PBXBuildFile; fileRef = 1A420386219188C800CCA4CB /* AppDelegate.m */; };
		1A42038D219188C800CCA4CB /* Main.storyboard in Resources */ = {isa = PBXBuildFile; fileRef = 1A42038B219188C800CCA4CB /* Main.storyboard */; };
		1A42038F219188C800CCA4CB /* Assets.xcassets in Resources */ = {isa = PBXBuildFile; fileRef = 1A42038E219188C800CCA4CB /* Assets.xcassets */; };
		1A420392219188C800CCA4CB /* LaunchScreen.storyboard in Resources */ = {isa = PBXBuildFile; fileRef = 1A420390219188C800CCA4CB /* LaunchScreen.storyboard */; };
		1A420395219188C800CCA4CB /* main.m in Sources */ = {isa = PBXBuildFile; fileRef = 1A420394219188C800CCA4CB /* main.m */; };
		1A864B66219D58590099E1CF /* MainViewController.m in Sources */ = {isa = PBXBuildFile; fileRef = 1A864B65219D58590099E1CF /* MainViewController.m */; };
		1A864B69219D5A2D0099E1CF /* GXBaseViewController.m in Sources */ = {isa = PBXBuildFile; fileRef = 1A864B68219D5A2D0099E1CF /* GXBaseViewController.m */; };
		1A864B6C219D5A5C0099E1CF /* GXHomeViewController.m in Sources */ = {isa = PBXBuildFile; fileRef = 1A864B6B219D5A5C0099E1CF /* GXHomeViewController.m */; };
		1A864B6F219D5A940099E1CF /* GXDiscoveryViewController.m in Sources */ = {isa = PBXBuildFile; fileRef = 1A864B6E219D5A940099E1CF /* GXDiscoveryViewController.m */; };
		1A864B72219D5AAE0099E1CF /* GXFollowViewController.m in Sources */ = {isa = PBXBuildFile; fileRef = 1A864B71219D5AAE0099E1CF /* GXFollowViewController.m */; };
		1A864B75219D5AD90099E1CF /* GXUserCenterViewController.m in Sources */ = {isa = PBXBuildFile; fileRef = 1A864B74219D5AD90099E1CF /* GXUserCenterViewController.m */; };
		1A864B78219D5F580099E1CF /* GXNavigationBaseController.m in Sources */ = {isa = PBXBuildFile; fileRef = 1A864B77219D5F580099E1CF /* GXNavigationBaseController.m */; };
/* End PBXBuildFile section */

/* Begin PBXFileReference section */
		1A420382219188C800CCA4CB /* GXFang.app */ = {isa = PBXFileReference; explicitFileType = wrapper.application; includeInIndex = 0; path = GXFang.app; sourceTree = BUILT_PRODUCTS_DIR; };
		1A420385219188C800CCA4CB /* AppDelegate.h */ = {isa = PBXFileReference; lastKnownFileType = sourcecode.c.h; path = AppDelegate.h; sourceTree = "<group>"; };
		1A420386219188C800CCA4CB /* AppDelegate.m */ = {isa = PBXFileReference; lastKnownFileType = sourcecode.c.objc; path = AppDelegate.m; sourceTree = "<group>"; };
		1A42038C219188C800CCA4CB /* Base */ = {isa = PBXFileReference; lastKnownFileType = file.storyboard; name = Base; path = Base.lproj/Main.storyboard; sourceTree = "<group>"; };
		1A42038E219188C800CCA4CB /* Assets.xcassets */ = {isa = PBXFileReference; lastKnownFileType = folder.assetcatalog; path = Assets.xcassets; sourceTree = "<group>"; };
		1A420391219188C800CCA4CB /* Base */ = {isa = PBXFileReference; lastKnownFileType = file.storyboard; name = Base; path = Base.lproj/LaunchScreen.storyboard; sourceTree = "<group>"; };
		1A420393219188C800CCA4CB /* Info.plist */ = {isa = PBXFileReference; lastKnownFileType = text.plist.xml; path = Info.plist; sourceTree = "<group>"; };
		1A420394219188C800CCA4CB /* main.m */ = {isa = PBXFileReference; lastKnownFileType = sourcecode.c.objc; path = main.m; sourceTree = "<group>"; };
		1A864B64219D58590099E1CF /* MainViewController.h */ = {isa = PBXFileReference; lastKnownFileType = sourcecode.c.h; path = MainViewController.h; sourceTree = "<group>"; };
		1A864B65219D58590099E1CF /* MainViewController.m */ = {isa = PBXFileReference; lastKnownFileType = sourcecode.c.objc; path = MainViewController.m; sourceTree = "<group>"; };
		1A864B67219D5A2D0099E1CF /* GXBaseViewController.h */ = {isa = PBXFileReference; lastKnownFileType = sourcecode.c.h; path = GXBaseViewController.h; sourceTree = "<group>"; };
		1A864B68219D5A2D0099E1CF /* GXBaseViewController.m */ = {isa = PBXFileReference; lastKnownFileType = sourcecode.c.objc; path = GXBaseViewController.m; sourceTree = "<group>"; };
		1A864B6A219D5A5C0099E1CF /* GXHomeViewController.h */ = {isa = PBXFileReference; lastKnownFileType = sourcecode.c.h; path = GXHomeViewController.h; sourceTree = "<group>"; };
		1A864B6B219D5A5C0099E1CF /* GXHomeViewController.m */ = {isa = PBXFileReference; lastKnownFileType = sourcecode.c.objc; path = GXHomeViewController.m; sourceTree = "<group>"; };
		1A864B6D219D5A940099E1CF /* GXDiscoveryViewController.h */ = {isa = PBXFileReference; lastKnownFileType = sourcecode.c.h; path = GXDiscoveryViewController.h; sourceTree = "<group>"; };
		1A864B6E219D5A940099E1CF /* GXDiscoveryViewController.m */ = {isa = PBXFileReference; lastKnownFileType = sourcecode.c.objc; path = GXDiscoveryViewController.m; sourceTree = "<group>"; };
		1A864B70219D5AAE0099E1CF /* GXFollowViewController.h */ = {isa = PBXFileReference; lastKnownFileType = sourcecode.c.h; path = GXFollowViewController.h; sourceTree = "<group>"; };
		1A864B71219D5AAE0099E1CF /* GXFollowViewController.m */ = {isa = PBXFileReference; lastKnownFileType = sourcecode.c.objc; path = GXFollowViewController.m; sourceTree = "<group>"; };
		1A864B73219D5AD90099E1CF /* GXUserCenterViewController.h */ = {isa = PBXFileReference; lastKnownFileType = sourcecode.c.h; path = GXUserCenterViewController.h; sourceTree = "<group>"; };
		1A864B74219D5AD90099E1CF /* GXUserCenterViewController.m */ = {isa = PBXFileReference; lastKnownFileType = sourcecode.c.objc; path = GXUserCenterViewController.m; sourceTree = "<group>"; };
		1A864B76219D5F580099E1CF /* GXNavigationBaseController.h */ = {isa = PBXFileReference; lastKnownFileType = sourcecode.c.h; path = GXNavigationBaseController.h; sourceTree = "<group>"; };
		1A864B77219D5F580099E1CF /* GXNavigationBaseController.m */ = {isa = PBXFileReference; lastKnownFileType = sourcecode.c.objc; path = GXNavigationBaseController.m; sourceTree = "<group>"; };
/* End PBXFileReference section */

/* Begin PBXFrameworksBuildPhase section */
		1A42037F219188C800CCA4CB /* Frameworks */ = {
			isa = PBXFrameworksBuildPhase;
			buildActionMask = 2147483647;
			files = (
			);
			runOnlyForDeploymentPostprocessing = 0;
		};
/* End PBXFrameworksBuildPhase section */

/* Begin PBXGroup section */
		1A420379219188C700CCA4CB = {
			isa = PBXGroup;
			children = (
				1A420384219188C800CCA4CB /* GXFang */,
				1A420383219188C800CCA4CB /* Products */,
			);
			sourceTree = "<group>";
		};
		1A420383219188C800CCA4CB /* Products */ = {
			isa = PBXGroup;
			children = (
				1A420382219188C800CCA4CB /* GXFang.app */,
			);
			name = Products;
			sourceTree = "<group>";
		};
		1A420384219188C800CCA4CB /* GXFang */ = {
			isa = PBXGroup;
			children = (
				1A420385219188C800CCA4CB /* AppDelegate.h */,
				1A420386219188C800CCA4CB /* AppDelegate.m */,
				1A864B64219D58590099E1CF /* MainViewController.h */,
				1A864B65219D58590099E1CF /* MainViewController.m */,
				1A864B67219D5A2D0099E1CF /* GXBaseViewController.h */,
				1A864B68219D5A2D0099E1CF /* GXBaseViewController.m */,
				1A864B76219D5F580099E1CF /* GXNavigationBaseController.h */,
				1A864B77219D5F580099E1CF /* GXNavigationBaseController.m */,
				1A864B6A219D5A5C0099E1CF /* GXHomeViewController.h */,
				1A864B6B219D5A5C0099E1CF /* GXHomeViewController.m */,
				1A864B6D219D5A940099E1CF /* GXDiscoveryViewController.h */,
				1A864B6E219D5A940099E1CF /* GXDiscoveryViewController.m */,
				1A864B70219D5AAE0099E1CF /* GXFollowViewController.h */,
				1A864B71219D5AAE0099E1CF /* GXFollowViewController.m */,
				1A864B73219D5AD90099E1CF /* GXUserCenterViewController.h */,
				1A864B74219D5AD90099E1CF /* GXUserCenterViewController.m */,
				1A42038B219188C800CCA4CB /* Main.storyboard */,
				1A42038E219188C800CCA4CB /* Assets.xcassets */,
				1A420390219188C800CCA4CB /* LaunchScreen.storyboard */,
				1A420393219188C800CCA4CB /* Info.plist */,
				1A420394219188C800CCA4CB /* main.m */,
			);
			path = GXFang;
			sourceTree = "<group>";
		};
/* End PBXGroup section */

/* Begin PBXNativeTarget section */
		1A420381219188C800CCA4CB /* GXFang */ = {
			isa = PBXNativeTarget;
			buildConfigurationList = 1A420398219188C800CCA4CB /* Build configuration list for PBXNativeTarget "GXFang" */;
			buildPhases = (
				1A42037E219188C800CCA4CB /* Sources */,
				1A42037F219188C800CCA4CB /* Frameworks */,
				1A420380219188C800CCA4CB /* Resources */,
			);
			buildRules = (
			);
			dependencies = (
			);
			name = GXFang;
			productName = GXFang;
			productReference = 1A420382219188C800CCA4CB /* GXFang.app */;
			productType = "com.apple.product-type.application";
		};
/* End PBXNativeTarget section */

/* Begin PBXProject section */
		1A42037A219188C700CCA4CB /* Project object */ = {
			isa = PBXProject;
			attributes = {
				CLASSPREFIX = GX;
				LastUpgradeCheck = 0920;
				ORGANIZATIONNAME = GX;
				TargetAttributes = {
					1A420381219188C800CCA4CB = {
						CreatedOnToolsVersion = 9.2;
						ProvisioningStyle = Automatic;
					};
				};
			};
			buildConfigurationList = 1A42037D219188C700CCA4CB /* Build configuration list for PBXProject "GXFang" */;
			compatibilityVersion = "Xcode 8.0";
			developmentRegion = en;
			hasScannedForEncodings = 0;
			knownRegions = (
				en,
				Base,
			);
			mainGroup = 1A420379219188C700CCA4CB;
			productRefGroup = 1A420383219188C800CCA4CB /* Products */;
			projectDirPath = "";
			projectRoot = "";
			targets = (
				1A420381219188C800CCA4CB /* GXFang */,
			);
		};
/* End PBXProject section */

/* Begin PBXResourcesBuildPhase section */
		1A420380219188C800CCA4CB /* Resources */ = {
			isa = PBXResourcesBuildPhase;
			buildActionMask = 2147483647;
			files = (
				1A420392219188C800CCA4CB /* LaunchScreen.storyboard in Resources */,
				1A42038F219188C800CCA4CB /* Assets.xcassets in Resources */,
				1A42038D219188C800CCA4CB /* Main.storyboard in Resources */,
			);
			runOnlyForDeploymentPostprocessing = 0;
		};
/* End PBXResourcesBuildPhase section */

/* Begin PBXSourcesBuildPhase section */
		1A42037E219188C800CCA4CB /* Sources */ = {
			isa = PBXSourcesBuildPhase;
			buildActionMask = 2147483647;
			files = (
				1A864B6F219D5A940099E1CF /* GXDiscoveryViewController.m in Sources */,
				1A864B66219D58590099E1CF /* MainViewController.m in Sources */,
				1A864B6C219D5A5C0099E1CF /* GXHomeViewController.m in Sources */,
				1A420395219188C800CCA4CB /* main.m in Sources */,
				1A864B69219D5A2D0099E1CF /* GXBaseViewController.m in Sources */,
				1A864B78219D5F580099E1CF /* GXNavigationBaseController.m in Sources */,
				1A864B75219D5AD90099E1CF /* GXUserCenterViewController.m in Sources */,
				1A420387219188C800CCA4CB /* AppDelegate.m in Sources */,
				1A864B72219D5AAE0099E1CF /* GXFollowViewController.m in Sources */,
			);
			runOnlyForDeploymentPostprocessing = 0;
		};
/* End PBXSourcesBuildPhase section */

/* Begin PBXVariantGroup section */
		1A42038B219188C800CCA4CB /* Main.storyboard */ = {
			isa = PBXVariantGroup;
			children = (
				1A42038C219188C800CCA4CB /* Base */,
			);
			name = Main.storyboard;
			sourceTree = "<group>";
		};
		1A420390219188C800CCA4CB /* LaunchScreen.storyboard */ = {
			isa = PBXVariantGroup;
			children = (
				1A420391219188C800CCA4CB /* Base */,
			);
			name = LaunchScreen.storyboard;
			sourceTree = "<group>";
		};
/* End PBXVariantGroup section */

/* Begin XCBuildConfiguration section */
		1A420396219188C800CCA4CB /* Debug */ = {
			isa = XCBuildConfiguration;
			buildSettings = {
				ALWAYS_SEARCH_USER_PATHS = NO;
				CLANG_ANALYZER_NONNULL = YES;
				CLANG_ANALYZER_NUMBER_OBJECT_CONVERSION = YES_AGGRESSIVE;
				CLANG_CXX_LANGUAGE_STANDARD = "gnu++14";
				CLANG_CXX_LIBRARY = "libc++";
				CLANG_ENABLE_MODULES = YES;
				CLANG_ENABLE_OBJC_ARC = YES;
				CLANG_WARN_BLOCK_CAPTURE_AUTORELEASING = YES;
				CLANG_WARN_BOOL_CONVERSION = YES;
				CLANG_WARN_COMMA = YES;
				CLANG_WARN_CONSTANT_CONVERSION = YES;
				CLANG_WARN_DIRECT_OBJC_ISA_USAGE = YES_ERROR;
				CLANG_WARN_DOCUMENTATION_COMMENTS = YES;
				CLANG_WARN_EMPTY_BODY = YES;
				CLANG_WARN_ENUM_CONVERSION = YES;
				CLANG_WARN_INFINITE_RECURSION = YES;
				CLANG_WARN_INT_CONVERSION = YES;
				CLANG_WARN_NON_LITERAL_NULL_CONVERSION = YES;
				CLANG_WARN_OBJC_LITERAL_CONVERSION = YES;
				CLANG_WARN_OBJC_ROOT_CLASS = YES_ERROR;
				CLANG_WARN_RANGE_LOOP_ANALYSIS = YES;
				CLANG_WARN_STRICT_PROTOTYPES = YES;
				CLANG_WARN_SUSPICIOUS_MOVE = YES;
				CLANG_WARN_UNGUARDED_AVAILABILITY = YES_AGGRESSIVE;
				CLANG_WARN_UNREACHABLE_CODE = YES;
				CLANG_WARN__DUPLICATE_METHOD_MATCH = YES;
				CODE_SIGN_IDENTITY = "iPhone Developer";
				COPY_PHASE_STRIP = NO;
				DEBUG_INFORMATION_FORMAT = dwarf;
				ENABLE_STRICT_OBJC_MSGSEND = YES;
				ENABLE_TESTABILITY = YES;
				GCC_C_LANGUAGE_STANDARD = gnu11;
				GCC_DYNAMIC_NO_PIC = NO;
				GCC_NO_COMMON_BLOCKS = YES;
				GCC_OPTIMIZATION_LEVEL = 0;
				GCC_PREPROCESSOR_DEFINITIONS = (
					"DEBUG=1",
					"$(inherited)",
				);
				GCC_WARN_64_TO_32_BIT_CONVERSION = YES;
				GCC_WARN_ABOUT_RETURN_TYPE = YES_ERROR;
				GCC_WARN_UNDECLARED_SELECTOR = YES;
				GCC_WARN_UNINITIALIZED_AUTOS = YES_AGGRESSIVE;
				GCC_WARN_UNUSED_FUNCTION = YES;
				GCC_WARN_UNUSED_VARIABLE = YES;
				IPHONEOS_DEPLOYMENT_TARGET = 11.2;
				MTL_ENABLE_DEBUG_INFO = YES;
				ONLY_ACTIVE_ARCH = YES;
				SDKROOT = iphoneos;
			};
			name = Debug;
		};
		1A420397219188C800CCA4CB /* Release */ = {
			isa = XCBuildConfiguration;
			buildSettings = {
				ALWAYS_SEARCH_USER_PATHS = NO;
				CLANG_ANALYZER_NONNULL = YES;
				CLANG_ANALYZER_NUMBER_OBJECT_CONVERSION = YES_AGGRESSIVE;
				CLANG_CXX_LANGUAGE_STANDARD = "gnu++14";
				CLANG_CXX_LIBRARY = "libc++";
				CLANG_ENABLE_MODULES = YES;
				CLANG_ENABLE_OBJC_ARC = YES;
				CLANG_WARN_BLOCK_CAPTURE_AUTORELEASING = YES;
				CLANG_WARN_BOOL_CONVERSION = YES;
				CLANG_WARN_COMMA = YES;
				CLANG_WARN_CONSTANT_CONVERSION = YES;
				CLANG_WARN_DIRECT_OBJC_ISA_USAGE = YES_ERROR;
				CLANG_WARN_DOCUMENTATION_COMMENTS = YES;
				CLANG_WARN_EMPTY_BODY = YES;
				CLANG_WARN_ENUM_CONVERSION = YES;
				CLANG_WARN_INFINITE_RECURSION = YES;
				CLANG_WARN_INT_CONVERSION = YES;
				CLANG_WARN_NON_LITERAL_NULL_CONVERSION = YES;
				CLANG_WARN_OBJC_LITERAL_CONVERSION = YES;
				CLANG_WARN_OBJC_ROOT_CLASS = YES_ERROR;
				CLANG_WARN_RANGE_LOOP_ANALYSIS = YES;
				CLANG_WARN_STRICT_PROTOTYPES = YES;
				CLANG_WARN_SUSPICIOUS_MOVE = YES;
				CLANG_WARN_UNGUARDED_AVAILABILITY = YES_AGGRESSIVE;
				CLANG_WARN_UNREACHABLE_CODE = YES;
				CLANG_WARN__DUPLICATE_METHOD_MATCH = YES;
				CODE_SIGN_IDENTITY = "iPhone Developer";
				COPY_PHASE_STRIP = NO;
				DEBUG_INFORMATION_FORMAT = "dwarf-with-dsym";
				ENABLE_NS_ASSERTIONS = NO;
				ENABLE_STRICT_OBJC_MSGSEND = YES;
				GCC_C_LANGUAGE_STANDARD = gnu11;
				GCC_NO_COMMON_BLOCKS = YES;
				GCC_WARN_64_TO_32_BIT_CONVERSION = YES;
				GCC_WARN_ABOUT_RETURN_TYPE = YES_ERROR;
				GCC_WARN_UNDECLARED_SELECTOR = YES;
				GCC_WARN_UNINITIALIZED_AUTOS = YES_AGGRESSIVE;
				GCC_WARN_UNUSED_FUNCTION = YES;
				GCC_WARN_UNUSED_VARIABLE = YES;
				IPHONEOS_DEPLOYMENT_TARGET = 11.2;
				MTL_ENABLE_DEBUG_INFO = NO;
				SDKROOT = iphoneos;
				VALIDATE_PRODUCT = YES;
			};
			name = Release;
		};
		1A420399219188C800CCA4CB /* Debug */ = {
			isa = XCBuildConfiguration;
			buildSettings = {
				ASSETCATALOG_COMPILER_APPICON_NAME = AppIcon;
				CODE_SIGN_STYLE = Automatic;
				INFOPLIST_FILE = GXFang/Info.plist;
				LD_RUNPATH_SEARCH_PATHS = "$(inherited) @executable_path/Frameworks";
				PRODUCT_BUNDLE_IDENTIFIER = com.myApps.GXFang;
				PRODUCT_NAME = "$(TARGET_NAME)";
				TARGETED_DEVICE_FAMILY = "1,2";
			};
			name = Debug;
		};
		1A42039A219188C800CCA4CB /* Release */ = {
			isa = XCBuildConfiguration;
			buildSettings = {
				ASSETCATALOG_COMPILER_APPICON_NAME = AppIcon;
				CODE_SIGN_STYLE = Automatic;
				INFOPLIST_FILE = GXFang/Info.plist;
				LD_RUNPATH_SEARCH_PATHS = "$(inherited) @executable_path/Frameworks";
				PRODUCT_BUNDLE_IDENTIFIER = com.myApps.GXFang;
				PRODUCT_NAME = "$(TARGET_NAME)";
				TARGETED_DEVICE_FAMILY = "1,2";
			};
			name = Release;
		};
/* End XCBuildConfiguration section */

/* Begin XCConfigurationList section */
		1A42037D219188C700CCA4CB /* Build configuration list for PBXProject "GXFang" */ = {
			isa = XCConfigurationList;
			buildConfigurations = (
				1A420396219188C800CCA4CB /* Debug */,
				1A420397219188C800CCA4CB /* Release */,
			);
			defaultConfigurationIsVisible = 0;
			defaultConfigurationName = Release;
		};
		1A420398219188C800CCA4CB /* Build configuration list for PBXNativeTarget "GXFang" */ = {
			isa = XCConfigurationList;
			buildConfigurations = (
				1A420399219188C800CCA4CB /* Debug */,
				1A42039A219188C800CCA4CB /* Release */,
			);
			defaultConfigurationIsVisible = 0;
			defaultConfigurationName = Release;
		};
/* End XCConfigurationList section */
	};
	rootObject = 1A42037A219188C700CCA4CB /* Project object */;
}
